
Microsoft Visual Studio Solution File, Format Version 12.00
# Visual Studio 15
VisualStudioVersion = 15.0.27004.2009
MinimumVisualStudioVersion = 10.0.40219.1
Project("{8BC9CEB8-8B4A-11D0-8D11-00A0C91BC942}") = "Third Angle", "Third Angle\Third Angle.vcxproj", "{13DAD443-1BA3-4804-8DD5-9A8BCD14D34E}"
EndProject
Global
	GlobalSection(SolutionConfigurationPlatforms) = preSolution
		Debug|x64 = Debug|x64
		Release|x64 = Release|x64
	EndGlobalSection
	GlobalSection(ProjectConfigurationPlatforms) = postSolution
		{13DAD443-1BA3-4804-8DD5-9A8BCD14D34E}.Debug|x64.ActiveCfg = Debug|x64
		{13DAD443-1BA3-4804-8DD5-9A8BCD14D34E}.Debug|x64.Build.0 = Debug|x64
		{13DAD443-1BA3-4804-8DD5-9A8BCD14D34E}.Release|x64.ActiveCfg = Release|x64
		{13DAD443-1BA3-4804-8DD5-9A8BCD14D34E}.Release|x64.Build.0 = Release|x64
	EndGlobalSection
	GlobalSection(SolutionProperties) = preSolution
		HideSolutionNode = FALSE
	EndGlobalSection
	GlobalSection(ExtensibilityGlobals) = postSolution
		SolutionGuid = {BDB80B33-AEB1-413E-8A0D-386517B3F5B5}
	EndGlobalSection
EndGlobal
