
Microsoft Visual Studio Solution File, Format Version 12.00
# Visual Studio 15
VisualStudioVersion = 15.0.27004.2009
MinimumVisualStudioVersion = 10.0.40219.1
Project("{8BC9CEB8-8B4A-11D0-8D11-00A0C91BC942}") = "CudaTest", "CudaTest\CudaTest.vcxproj", "{1C5E1784-CEE6-4D51-A20A-E684DC6A9FF4}"
EndProject
Global
	GlobalSection(SolutionConfigurationPlatforms) = preSolution
		Debug|x64 = Debug|x64
		Release|x64 = Release|x64
	EndGlobalSection
	GlobalSection(ProjectConfigurationPlatforms) = postSolution
		{1C5E1784-CEE6-4D51-A20A-E684DC6A9FF4}.Debug|x64.ActiveCfg = Debug|x64
		{1C5E1784-CEE6-4D51-A20A-E684DC6A9FF4}.Debug|x64.Build.0 = Debug|x64
		{1C5E1784-CEE6-4D51-A20A-E684DC6A9FF4}.Release|x64.ActiveCfg = Release|x64
		{1C5E1784-CEE6-4D51-A20A-E684DC6A9FF4}.Release|x64.Build.0 = Release|x64
	EndGlobalSection
	GlobalSection(SolutionProperties) = preSolution
		HideSolutionNode = FALSE
	EndGlobalSection
	GlobalSection(ExtensibilityGlobals) = postSolution
		SolutionGuid = {65E98328-AB84-43BA-A63A-AB3C4473E848}
	EndGlobalSection
EndGlobal
